# THIS IS AN AUTOGENERATED FILE. DO NOT EDIT THIS FILE DIRECTLY.
# yarn lockfile v1


"@mrmlnc/readdir-enhanced@^2.2.1":
  version "2.2.1"
  resolved "http://registry.npm.qima-inc.com/@mrmlnc/readdir-enhanced/download/@mrmlnc/readdir-enhanced-2.2.1.tgz#524af240d1a360527b730475ecfa1344aa540dde"
  dependencies:
    call-me-maybe "^1.0.1"
    glob-to-regexp "^0.3.0"

"@types/accepts@*":
  version "1.3.5"
  resolved "http://registry.npm.qima-inc.com/@types/accepts/download/@types/accepts-1.3.5.tgz#c34bec115cfc746e04fe5a059df4ce7e7b391575"
  dependencies:
    "@types/node" "*"

"@types/body-parser@*":
  version "1.17.0"
  resolved "http://registry.npm.qima-inc.com/@types/body-parser/download/@types/body-parser-1.17.0.tgz#9f5c9d9bd04bb54be32d5eb9fc0d8c974e6cf58c"
  dependencies:
    "@types/connect" "*"
    "@types/node" "*"

"@types/connect@*":
  version "3.4.32"
  resolved "http://registry.npm.qima-inc.com/@types/connect/download/@types/connect-3.4.32.tgz#aa0e9616b9435ccad02bc52b5b454ffc2c70ba28"
  dependencies:
    "@types/node" "*"

"@types/cookies@*":
  version "0.7.1"
  resolved "http://registry.npm.qima-inc.com/@types/cookies/download/@types/cookies-0.7.1.tgz#f9f204bd6767d389eea3b87609e30c090c77a540"
  dependencies:
    "@types/connect" "*"
    "@types/express" "*"
    "@types/keygrip" "*"
    "@types/node" "*"

"@types/events@*":
  version "1.2.0"
  resolved "http://registry.npm.qima-inc.com/@types/events/download/@types/events-1.2.0.tgz#81a6731ce4df43619e5c8c945383b3e62a89ea86"

"@types/express-serve-static-core@*":
  version "4.16.0"
  resolved "http://registry.npm.qima-inc.com/@types/express-serve-static-core/download/@types/express-serve-static-core-4.16.0.tgz#fdfe777594ddc1fe8eb8eccce52e261b496e43e7"
  dependencies:
    "@types/events" "*"
    "@types/node" "*"
    "@types/range-parser" "*"

"@types/express@*":
  version "4.16.0"
  resolved "http://registry.npm.qima-inc.com/@types/express/download/@types/express-4.16.0.tgz#6d8bc42ccaa6f35cf29a2b7c3333cb47b5a32a19"
  dependencies:
    "@types/body-parser" "*"
    "@types/express-serve-static-core" "*"
    "@types/serve-static" "*"

"@types/http-assert@*":
  version "1.3.0"
  resolved "http://registry.npm.qima-inc.com/@types/http-assert/download/@types/http-assert-1.3.0.tgz#5e932606153da28e1d04f9043f4912cf61fd55dd"

"@types/keygrip@*":
  version "1.0.1"
  resolved "http://registry.npm.qima-inc.com/@types/keygrip/download/@types/keygrip-1.0.1.tgz#ff540462d2fb4d0a88441ceaf27d287b01c3d878"

"@types/koa-compose@*":
  version "3.2.2"
  resolved "http://registry.npm.qima-inc.com/@types/koa-compose/download/@types/koa-compose-3.2.2.tgz#dc106e000bbf92a3ac900f756df47344887ee847"

"@types/koa-router@^7.0.31":
  version "7.0.31"
  resolved "http://registry.npm.qima-inc.com/@types/koa-router/download/@types/koa-router-7.0.31.tgz#afe279634cca7b4536be38cf641f35f58a4bc5ee"
  dependencies:
    "@types/koa" "*"

"@types/koa@*", "@types/koa@^2.0.46":
  version "2.0.46"
  resolved "http://registry.npm.qima-inc.com/@types/koa/download/@types/koa-2.0.46.tgz#24bc3cd405d10fcde81f876cd8285b44d4ddc3e9"
  dependencies:
    "@types/accepts" "*"
    "@types/cookies" "*"
    "@types/events" "*"
    "@types/http-assert" "*"
    "@types/keygrip" "*"
    "@types/koa-compose" "*"
    "@types/node" "*"

"@types/mime@*":
  version "2.0.0"
  resolved "http://registry.npm.qima-inc.com/@types/mime/download/@types/mime-2.0.0.tgz#5a7306e367c539b9f6543499de8dd519fac37a8b"

"@types/node@*", "@types/node@^10.9.4":
  version "10.10.1"
  resolved "http://registry.npm.qima-inc.com/@types/node/download/@types/node-10.10.1.tgz#d5c96ca246a418404914d180b7fdd625ad18eca6"

"@types/range-parser@*":
  version "1.2.2"
  resolved "http://registry.npm.qima-inc.com/@types/range-parser/download/@types/range-parser-1.2.2.tgz#fa8e1ad1d474688a757140c91de6dace6f4abc8d"

"@types/serve-static@*":
  version "1.13.2"
  resolved "http://registry.npm.qima-inc.com/@types/serve-static/download/@types/serve-static-1.13.2.tgz#f5ac4d7a6420a99a6a45af4719f4dcd8cd907a48"
  dependencies:
    "@types/express-serve-static-core" "*"
    "@types/mime" "*"

accepts@^1.2.2:
  version "1.3.5"
  resolved "http://registry.npm.qima-inc.com/accepts/download/accepts-1.3.5.tgz#eb777df6011723a3b14e8a72c0805c8e86746bd2"
  dependencies:
    mime-types "~2.1.18"
    negotiator "0.6.1"

ansi-styles@^3.2.1:
  version "3.2.1"
  resolved "http://registry.npm.qima-inc.com/ansi-styles/download/ansi-styles-3.2.1.tgz#41fbb20243e50b12be0f04b8dedbf07520ce841d"
  dependencies:
    color-convert "^1.9.0"

any-promise@^1.0.0, any-promise@^1.1.0:
  version "1.3.0"
  resolved "http://registry.npm.qima-inc.com/any-promise/download/any-promise-1.3.0.tgz#abc6afeedcea52e809cdc0376aed3ce39635d17f"

arr-diff@^4.0.0:
  version "4.0.0"
  resolved "http://registry.npm.qima-inc.com/arr-diff/download/arr-diff-4.0.0.tgz#d6461074febfec71e7e15235761a329a5dc7c520"

arr-flatten@^1.1.0:
  version "1.1.0"
  resolved "http://registry.npm.qima-inc.com/arr-flatten/download/arr-flatten-1.1.0.tgz#36048bbff4e7b47e136644316c99669ea5ae91f1"

arr-union@^3.1.0:
  version "3.1.0"
  resolved "http://registry.npm.qima-inc.com/arr-union/download/arr-union-3.1.0.tgz#e39b09aea9def866a8f206e288af63919bae39c4"

array-unique@^0.3.2:
  version "0.3.2"
  resolved "http://registry.npm.qima-inc.com/array-unique/download/array-unique-0.3.2.tgz#a894b75d4bc4f6cd679ef3244a9fd8f46ae2d428"

assign-symbols@^1.0.0:
  version "1.0.0"
  resolved "http://registry.npm.qima-inc.com/assign-symbols/download/assign-symbols-1.0.0.tgz#59667f41fadd4f20ccbc2bb96b8d4f7f78ec0367"

astroboy@>=0.0.30:
  version "0.0.32"
  resolved "http://registry.npm.qima-inc.com/astroboy/download/astroboy-0.0.32.tgz#403944eea08d1625e48a8fb1d9ec8f64ae5e7db1"
  dependencies:
    chalk "2.4.0"
    complete-assign "0.0.2"
    fast-glob "2.2.0"
    fs-extra "5.0.0"
    koa "2.5.0"
    koa-body "2.5.0"
    koa-compose "4.0.0"
    koa-router "7.4.0"
    koa-static "4.0.2"
    lodash "4.17.5"
    methods "1.1.2"
    path-matching "0.0.2"
    path-to-regexp "2.2.1"
    xss "0.3.7"

atob@^2.1.1:
  version "2.1.2"
  resolved "http://registry.npm.qima-inc.com/atob/download/atob-2.1.2.tgz#6d9517eb9e030d2436666651e86bd9f6f13533c9"

base@^0.11.1:
  version "0.11.2"
  resolved "http://registry.npm.qima-inc.com/base/download/base-0.11.2.tgz#7bde5ced145b6d551a90db87f83c558b4eb48a8f"
  dependencies:
    cache-base "^1.0.1"
    class-utils "^0.3.5"
    component-emitter "^1.2.1"
    define-property "^1.0.0"
    isobject "^3.0.1"
    mixin-deep "^1.2.0"
    pascalcase "^0.1.1"

braces@^2.3.1:
  version "2.3.2"
  resolved "http://registry.npm.qima-inc.com/braces/download/braces-2.3.2.tgz#5979fd3f14cd531565e5fa2df1abfff1dfaee729"
  dependencies:
    arr-flatten "^1.1.0"
    array-unique "^0.3.2"
    extend-shallow "^2.0.1"
    fill-range "^4.0.0"
    isobject "^3.0.1"
    repeat-element "^1.1.2"
    snapdragon "^0.8.1"
    snapdragon-node "^2.0.1"
    split-string "^3.0.2"
    to-regex "^3.0.1"

bytes@3.0.0:
  version "3.0.0"
  resolved "http://registry.npm.qima-inc.com/bytes/download/bytes-3.0.0.tgz#d32815404d689699f85a4ea4fa8755dd13a96048"

cache-base@^1.0.1:
  version "1.0.1"
  resolved "http://registry.npm.qima-inc.com/cache-base/download/cache-base-1.0.1.tgz#0a7f46416831c8b662ee36fe4e7c59d76f666ab2"
  dependencies:
    collection-visit "^1.0.0"
    component-emitter "^1.2.1"
    get-value "^2.0.6"
    has-value "^1.0.0"
    isobject "^3.0.1"
    set-value "^2.0.0"
    to-object-path "^0.3.0"
    union-value "^1.0.0"
    unset-value "^1.0.0"

call-me-maybe@^1.0.1:
  version "1.0.1"
  resolved "http://registry.npm.qima-inc.com/call-me-maybe/download/call-me-maybe-1.0.1.tgz#26d208ea89e37b5cbde60250a15f031c16a4d66b"

chalk@2.4.0:
  version "2.4.0"
  resolved "http://registry.npm.qima-inc.com/chalk/download/chalk-2.4.0.tgz#a060a297a6b57e15b61ca63ce84995daa0fe6e52"
  dependencies:
    ansi-styles "^3.2.1"
    escape-string-regexp "^1.0.5"
    supports-color "^5.3.0"

class-utils@^0.3.5:
  version "0.3.6"
  resolved "http://registry.npm.qima-inc.com/class-utils/download/class-utils-0.3.6.tgz#f93369ae8b9a7ce02fd41faad0ca83033190c463"
  dependencies:
    arr-union "^3.1.0"
    define-property "^0.2.5"
    isobject "^3.0.0"
    static-extend "^0.1.1"

co-body@^5.1.1:
  version "5.2.0"
  resolved "http://registry.npm.qima-inc.com/co-body/download/co-body-5.2.0.tgz#5a0a658c46029131e0e3a306f67647302f71c124"
  dependencies:
    inflation "^2.0.0"
    qs "^6.4.0"
    raw-body "^2.2.0"
    type-is "^1.6.14"

co@^4.6.0:
  version "4.6.0"
  resolved "http://registry.npm.qima-inc.com/co/download/co-4.6.0.tgz#6ea6bdf3d853ae54ccb8e47bfa0bf3f9031fb184"

collection-visit@^1.0.0:
  version "1.0.0"
  resolved "http://registry.npm.qima-inc.com/collection-visit/download/collection-visit-1.0.0.tgz#4bc0373c164bc3291b4d368c829cf1a80a59dca0"
  dependencies:
    map-visit "^1.0.0"
    object-visit "^1.0.0"

color-convert@^1.9.0:
  version "1.9.3"
  resolved "http://registry.npm.qima-inc.com/color-convert/download/color-convert-1.9.3.tgz#bb71850690e1f136567de629d2d5471deda4c1e8"
  dependencies:
    color-name "1.1.3"

color-name@1.1.3:
  version "1.1.3"
  resolved "http://registry.npm.qima-inc.com/color-name/download/color-name-1.1.3.tgz#a7d0558bd89c42f795dd42328f740831ca53bc25"

commander@^2.9.0:
  version "2.18.0"
  resolved "http://registry.npm.qima-inc.com/commander/download/commander-2.18.0.tgz#2bf063ddee7c7891176981a2cc798e5754bc6970"

complete-assign@0.0.2:
  version "0.0.2"
  resolved "http://registry.npm.qima-inc.com/complete-assign/download/complete-assign-0.0.2.tgz#e35d14be0e9f087f050b2b72c8e87cd7f91691e5"

component-emitter@^1.2.1:
  version "1.2.1"
  resolved "http://registry.npm.qima-inc.com/component-emitter/download/component-emitter-1.2.1.tgz#137918d6d78283f7df7a6b7c5a63e140e69425e6"

content-disposition@~0.5.0:
  version "0.5.2"
  resolved "http://registry.npm.qima-inc.com/content-disposition/download/content-disposition-0.5.2.tgz#0cf68bb9ddf5f2be7961c3a85178cb85dba78cb4"

content-type@^1.0.0:
  version "1.0.4"
  resolved "http://registry.npm.qima-inc.com/content-type/download/content-type-1.0.4.tgz#e138cc75e040c727b1966fe5e5f8c9aee256fe3b"

cookies@~0.7.0:
  version "0.7.2"
  resolved "http://registry.npm.qima-inc.com/cookies/download/cookies-0.7.2.tgz#52736976126658af7713d7f858f7d21f99dab486"
  dependencies:
    depd "~1.1.2"
    keygrip "~1.0.2"

copy-descriptor@^0.1.0:
  version "0.1.1"
  resolved "http://registry.npm.qima-inc.com/copy-descriptor/download/copy-descriptor-0.1.1.tgz#676f6eb3c39997c2ee1ac3a924fd6124748f578d"

cssfilter@0.0.10:
  version "0.0.10"
  resolved "http://registry.npm.qima-inc.com/cssfilter/download/cssfilter-0.0.10.tgz#c6d2672632a2e5c83e013e6864a42ce8defd20ae"

debug@*:
  version "4.0.1"
  resolved "http://registry.npm.qima-inc.com/debug/download/debug-4.0.1.tgz#f9bb36d439b8d1f0dd52d8fb6b46e4ebb8c1cd5b"
  dependencies:
    ms "^2.1.1"

debug@^2.2.0, debug@^2.3.3, debug@^2.6.3, debug@^2.6.8:
  version "2.6.9"
  resolved "http://registry.npm.qima-inc.com/debug/download/debug-2.6.9.tgz#5d128515df134ff327e90a4c93f4e077a536341f"
  dependencies:
    ms "2.0.0"

debug@^3.1.0:
  version "3.2.5"
  resolved "http://registry.npm.qima-inc.com/debug/download/debug-3.2.5.tgz#c2418fbfd7a29f4d4f70ff4cea604d4b64c46407"
  dependencies:
    ms "^2.1.1"

decode-uri-component@^0.2.0:
  version "0.2.0"
  resolved "http://registry.npm.qima-inc.com/decode-uri-component/download/decode-uri-component-0.2.0.tgz#eb3913333458775cb84cd1a1fae062106bb87545"

deep-equal@~1.0.1:
  version "1.0.1"
  resolved "http://registry.npm.qima-inc.com/deep-equal/download/deep-equal-1.0.1.tgz#f5d260292b660e084eff4cdbc9f08ad3247448b5"

define-property@^0.2.5:
  version "0.2.5"
  resolved "http://registry.npm.qima-inc.com/define-property/download/define-property-0.2.5.tgz#c35b1ef918ec3c990f9a5bc57be04aacec5c8116"
  dependencies:
    is-descriptor "^0.1.0"

define-property@^1.0.0:
  version "1.0.0"
  resolved "http://registry.npm.qima-inc.com/define-property/download/define-property-1.0.0.tgz#769ebaaf3f4a63aad3af9e8d304c9bbe79bfb0e6"
  dependencies:
    is-descriptor "^1.0.0"

define-property@^2.0.2:
  version "2.0.2"
  resolved "http://registry.npm.qima-inc.com/define-property/download/define-property-2.0.2.tgz#d459689e8d654ba77e02a817f8710d702cb16e9d"
  dependencies:
    is-descriptor "^1.0.2"
    isobject "^3.0.1"

delegates@^1.0.0:
  version "1.0.0"
  resolved "http://registry.npm.qima-inc.com/delegates/download/delegates-1.0.0.tgz#84c6e159b81904fdca59a0ef44cd870d31250f9a"

depd@^1.1.0, depd@~1.1.2:
  version "1.1.2"
  resolved "http://registry.npm.qima-inc.com/depd/download/depd-1.1.2.tgz#9bcd52e14c097763e749b274c4346ed2e560b5a9"

destroy@^1.0.3:
  version "1.0.4"
  resolved "http://registry.npm.qima-inc.com/destroy/download/destroy-1.0.4.tgz#978857442c44749e4206613e37946205826abd80"

ee-first@1.1.1:
  version "1.1.1"
  resolved "http://registry.npm.qima-inc.com/ee-first/download/ee-first-1.1.1.tgz#590c61156b0ae2f4f0255732a158b266bc56b21d"

error-inject@~1.0.0:
  version "1.0.0"
  resolved "http://registry.npm.qima-inc.com/error-inject/download/error-inject-1.0.0.tgz#e2b3d91b54aed672f309d950d154850fa11d4f37"

escape-html@~1.0.1:
  version "1.0.3"
  resolved "http://registry.npm.qima-inc.com/escape-html/download/escape-html-1.0.3.tgz#0258eae4d3d0c0974de1c169188ef0051d1d1988"

escape-string-regexp@^1.0.5:
  version "1.0.5"
  resolved "http://registry.npm.qima-inc.com/escape-string-regexp/download/escape-string-regexp-1.0.5.tgz#1b61c0562190a8dff6ae3bb2cf0200ca130b86d4"

expand-brackets@^2.1.4:
  version "2.1.4"
  resolved "http://registry.npm.qima-inc.com/expand-brackets/download/expand-brackets-2.1.4.tgz#b77735e315ce30f6b6eff0f83b04151a22449622"
  dependencies:
    debug "^2.3.3"
    define-property "^0.2.5"
    extend-shallow "^2.0.1"
    posix-character-classes "^0.1.0"
    regex-not "^1.0.0"
    snapdragon "^0.8.1"
    to-regex "^3.0.1"

extend-shallow@^2.0.1:
  version "2.0.1"
  resolved "http://registry.npm.qima-inc.com/extend-shallow/download/extend-shallow-2.0.1.tgz#51af7d614ad9a9f610ea1bafbb989d6b1c56890f"
  dependencies:
    is-extendable "^0.1.0"

extend-shallow@^3.0.0, extend-shallow@^3.0.2:
  version "3.0.2"
  resolved "http://registry.npm.qima-inc.com/extend-shallow/download/extend-shallow-3.0.2.tgz#26a71aaf073b39fb2127172746131c2704028db8"
  dependencies:
    assign-symbols "^1.0.0"
    is-extendable "^1.0.1"

extglob@^2.0.4:
  version "2.0.4"
  resolved "http://registry.npm.qima-inc.com/extglob/download/extglob-2.0.4.tgz#ad00fe4dc612a9232e8718711dc5cb5ab0285543"
  dependencies:
    array-unique "^0.3.2"
    define-property "^1.0.0"
    expand-brackets "^2.1.4"
    extend-shallow "^2.0.1"
    fragment-cache "^0.2.1"
    regex-not "^1.0.0"
    snapdragon "^0.8.1"
    to-regex "^3.0.1"

fast-glob@2.2.0:
  version "2.2.0"
  resolved "http://registry.npm.qima-inc.com/fast-glob/download/fast-glob-2.2.0.tgz#e9d032a69b86bef46fc03d935408f02fb211d9fc"
  dependencies:
    "@mrmlnc/readdir-enhanced" "^2.2.1"
    glob-parent "^3.1.0"
    is-glob "^4.0.0"
    merge2 "^1.2.1"
    micromatch "^3.1.8"

fill-range@^4.0.0:
  version "4.0.0"
  resolved "http://registry.npm.qima-inc.com/fill-range/download/fill-range-4.0.0.tgz#d544811d428f98eb06a63dc402d2403c328c38f7"
  dependencies:
    extend-shallow "^2.0.1"
    is-number "^3.0.0"
    repeat-string "^1.6.1"
    to-regex-range "^2.1.0"

for-in@^1.0.2:
  version "1.0.2"
  resolved "http://registry.npm.qima-inc.com/for-in/download/for-in-1.0.2.tgz#81068d295a8142ec0ac726c6e2200c30fb6d5e80"

formidable@^1.1.1:
  version "1.2.1"
  resolved "http://registry.npm.qima-inc.com/formidable/download/formidable-1.2.1.tgz#70fb7ca0290ee6ff961090415f4b3df3d2082659"

fragment-cache@^0.2.1:
  version "0.2.1"
  resolved "http://registry.npm.qima-inc.com/fragment-cache/download/fragment-cache-0.2.1.tgz#4290fad27f13e89be7f33799c6bc5a0abfff0d19"
  dependencies:
    map-cache "^0.2.2"

fresh@^0.5.2:
  version "0.5.2"
  resolved "http://registry.npm.qima-inc.com/fresh/download/fresh-0.5.2.tgz#3d8cadd90d976569fa835ab1f8e4b23a105605a7"

fs-extra@5.0.0:
  version "5.0.0"
  resolved "http://registry.npm.qima-inc.com/fs-extra/download/fs-extra-5.0.0.tgz#414d0110cdd06705734d055652c5411260c31abd"
  dependencies:
    graceful-fs "^4.1.2"
    jsonfile "^4.0.0"
    universalify "^0.1.0"

get-value@^2.0.3, get-value@^2.0.6:
  version "2.0.6"
  resolved "http://registry.npm.qima-inc.com/get-value/download/get-value-2.0.6.tgz#dc15ca1c672387ca76bd37ac0a395ba2042a2c28"

glob-parent@^3.1.0:
  version "3.1.0"
  resolved "http://registry.npm.qima-inc.com/glob-parent/download/glob-parent-3.1.0.tgz#9e6af6299d8d3bd2bd40430832bd113df906c5ae"
  dependencies:
    is-glob "^3.1.0"
    path-dirname "^1.0.0"

glob-to-regexp@^0.3.0:
  version "0.3.0"
  resolved "http://registry.npm.qima-inc.com/glob-to-regexp/download/glob-to-regexp-0.3.0.tgz#8c5a1494d2066c570cc3bfe4496175acc4d502ab"

graceful-fs@^4.1.2, graceful-fs@^4.1.6:
  version "4.1.11"
  resolved "http://registry.npm.qima-inc.com/graceful-fs/download/graceful-fs-4.1.11.tgz#0e8bdfe4d1ddb8854d64e04ea7c00e2a026e5658"

has-flag@^3.0.0:
  version "3.0.0"
  resolved "http://registry.npm.qima-inc.com/has-flag/download/has-flag-3.0.0.tgz#b5d454dc2199ae225699f3467e5a07f3b955bafd"

has-value@^0.3.1:
  version "0.3.1"
  resolved "http://registry.npm.qima-inc.com/has-value/download/has-value-0.3.1.tgz#7b1f58bada62ca827ec0a2078025654845995e1f"
  dependencies:
    get-value "^2.0.3"
    has-values "^0.1.4"
    isobject "^2.0.0"

has-value@^1.0.0:
  version "1.0.0"
  resolved "http://registry.npm.qima-inc.com/has-value/download/has-value-1.0.0.tgz#18b281da585b1c5c51def24c930ed29a0be6b177"
  dependencies:
    get-value "^2.0.6"
    has-values "^1.0.0"
    isobject "^3.0.0"

has-values@^0.1.4:
  version "0.1.4"
  resolved "http://registry.npm.qima-inc.com/has-values/download/has-values-0.1.4.tgz#6d61de95d91dfca9b9a02089ad384bff8f62b771"

has-values@^1.0.0:
  version "1.0.0"
  resolved "http://registry.npm.qima-inc.com/has-values/download/has-values-1.0.0.tgz#95b0b63fec2146619a6fe57fe75628d5a39efe4f"
  dependencies:
    is-number "^3.0.0"
    kind-of "^4.0.0"

http-assert@^1.1.0:
  version "1.4.0"
  resolved "http://registry.npm.qima-inc.com/http-assert/download/http-assert-1.4.0.tgz#0e550b4fca6adf121bbeed83248c17e62f593a9a"
  dependencies:
    deep-equal "~1.0.1"
    http-errors "~1.7.1"

http-errors@1.6.3, http-errors@~1.6.2:
  version "1.6.3"
  resolved "http://registry.npm.qima-inc.com/http-errors/download/http-errors-1.6.3.tgz#8b55680bb4be283a0b5bf4ea2e38580be1d9320d"
  dependencies:
    depd "~1.1.2"
    inherits "2.0.3"
    setprototypeof "1.1.0"
    statuses ">= 1.4.0 < 2"

http-errors@^1.2.8, http-errors@^1.3.1, http-errors@^1.6.1, http-errors@~1.7.1:
  version "1.7.1"
  resolved "http://registry.npm.qima-inc.com/http-errors/download/http-errors-1.7.1.tgz#6a4ffe5d35188e1c39f872534690585852e1f027"
  dependencies:
    depd "~1.1.2"
    inherits "2.0.3"
    setprototypeof "1.1.0"
    statuses ">= 1.5.0 < 2"
    toidentifier "1.0.0"

iconv-lite@0.4.23:
  version "0.4.23"
  resolved "http://registry.npm.qima-inc.com/iconv-lite/download/iconv-lite-0.4.23.tgz#297871f63be507adcfbfca715d0cd0eed84e9a63"
  dependencies:
    safer-buffer ">= 2.1.2 < 3"

inflation@^2.0.0:
  version "2.0.0"
  resolved "http://registry.npm.qima-inc.com/inflation/download/inflation-2.0.0.tgz#8b417e47c28f925a45133d914ca1fd389107f30f"

inherits@2.0.3:
  version "2.0.3"
  resolved "http://registry.npm.qima-inc.com/inherits/download/inherits-2.0.3.tgz#633c2c83e3da42a502f52466022480f4208261de"

is-accessor-descriptor@^0.1.6:
  version "0.1.6"
  resolved "http://registry.npm.qima-inc.com/is-accessor-descriptor/download/is-accessor-descriptor-0.1.6.tgz#a9e12cb3ae8d876727eeef3843f8a0897b5c98d6"
  dependencies:
    kind-of "^3.0.2"

is-accessor-descriptor@^1.0.0:
  version "1.0.0"
  resolved "http://registry.npm.qima-inc.com/is-accessor-descriptor/download/is-accessor-descriptor-1.0.0.tgz#169c2f6d3df1f992618072365c9b0ea1f6878656"
  dependencies:
    kind-of "^6.0.0"

is-buffer@^1.1.5:
  version "1.1.6"
  resolved "http://registry.npm.qima-inc.com/is-buffer/download/is-buffer-1.1.6.tgz#efaa2ea9daa0d7ab2ea13a97b2b8ad51fefbe8be"

is-data-descriptor@^0.1.4:
  version "0.1.4"
  resolved "http://registry.npm.qima-inc.com/is-data-descriptor/download/is-data-descriptor-0.1.4.tgz#0b5ee648388e2c860282e793f1856fec3f301b56"
  dependencies:
    kind-of "^3.0.2"

is-data-descriptor@^1.0.0:
  version "1.0.0"
  resolved "http://registry.npm.qima-inc.com/is-data-descriptor/download/is-data-descriptor-1.0.0.tgz#d84876321d0e7add03990406abbbbd36ba9268c7"
  dependencies:
    kind-of "^6.0.0"

is-descriptor@^0.1.0:
  version "0.1.6"
  resolved "http://registry.npm.qima-inc.com/is-descriptor/download/is-descriptor-0.1.6.tgz#366d8240dde487ca51823b1ab9f07a10a78251ca"
  dependencies:
    is-accessor-descriptor "^0.1.6"
    is-data-descriptor "^0.1.4"
    kind-of "^5.0.0"

is-descriptor@^1.0.0, is-descriptor@^1.0.2:
  version "1.0.2"
  resolved "http://registry.npm.qima-inc.com/is-descriptor/download/is-descriptor-1.0.2.tgz#3b159746a66604b04f8c81524ba365c5f14d86ec"
  dependencies:
    is-accessor-descriptor "^1.0.0"
    is-data-descriptor "^1.0.0"
    kind-of "^6.0.2"

is-extendable@^0.1.0, is-extendable@^0.1.1:
  version "0.1.1"
  resolved "http://registry.npm.qima-inc.com/is-extendable/download/is-extendable-0.1.1.tgz#62b110e289a471418e3ec36a617d472e301dfc89"

is-extendable@^1.0.1:
  version "1.0.1"
  resolved "http://registry.npm.qima-inc.com/is-extendable/download/is-extendable-1.0.1.tgz#a7470f9e426733d81bd81e1155264e3a3507cab4"
  dependencies:
    is-plain-object "^2.0.4"

is-extglob@^2.1.0, is-extglob@^2.1.1:
  version "2.1.1"
  resolved "http://registry.npm.qima-inc.com/is-extglob/download/is-extglob-2.1.1.tgz#a88c02535791f02ed37c76a1b9ea9773c833f8c2"

is-generator-function@^1.0.3:
  version "1.0.7"
  resolved "http://registry.npm.qima-inc.com/is-generator-function/download/is-generator-function-1.0.7.tgz#d2132e529bb0000a7f80794d4bdf5cd5e5813522"

is-glob@^3.1.0:
  version "3.1.0"
  resolved "http://registry.npm.qima-inc.com/is-glob/download/is-glob-3.1.0.tgz#7ba5ae24217804ac70707b96922567486cc3e84a"
  dependencies:
    is-extglob "^2.1.0"

is-glob@^4.0.0:
  version "4.0.0"
  resolved "http://registry.npm.qima-inc.com/is-glob/download/is-glob-4.0.0.tgz#9521c76845cc2610a85203ddf080a958c2ffabc0"
  dependencies:
    is-extglob "^2.1.1"

is-number@^3.0.0:
  version "3.0.0"
  resolved "http://registry.npm.qima-inc.com/is-number/download/is-number-3.0.0.tgz#24fd6201a4782cf50561c810276afc7d12d71195"
  dependencies:
    kind-of "^3.0.2"

is-plain-object@^2.0.1, is-plain-object@^2.0.3, is-plain-object@^2.0.4:
  version "2.0.4"
  resolved "http://registry.npm.qima-inc.com/is-plain-object/download/is-plain-object-2.0.4.tgz#2c163b3fafb1b606d9d17928f05c2a1c38e07677"
  dependencies:
    isobject "^3.0.1"

is-windows@^1.0.2:
  version "1.0.2"
  resolved "http://registry.npm.qima-inc.com/is-windows/download/is-windows-1.0.2.tgz#d1850eb9791ecd18e6182ce12a30f396634bb19d"

isarray@0.0.1:
  version "0.0.1"
  resolved "http://registry.npm.qima-inc.com/isarray/download/isarray-0.0.1.tgz#8a18acfca9a8f4177e09abfc6038939b05d1eedf"

isarray@1.0.0:
  version "1.0.0"
  resolved "http://registry.npm.qima-inc.com/isarray/download/isarray-1.0.0.tgz#bb935d48582cba168c06834957a54a3e07124f11"

isobject@^2.0.0:
  version "2.1.0"
  resolved "http://registry.npm.qima-inc.com/isobject/download/isobject-2.1.0.tgz#f065561096a3f1da2ef46272f815c840d87e0c89"
  dependencies:
    isarray "1.0.0"

isobject@^3.0.0, isobject@^3.0.1:
  version "3.0.1"
  resolved "http://registry.npm.qima-inc.com/isobject/download/isobject-3.0.1.tgz#4e431e92b11a9731636aa1f9c8d1ccbcfdab78df"

jsonfile@^4.0.0:
  version "4.0.0"
  resolved "http://registry.npm.qima-inc.com/jsonfile/download/jsonfile-4.0.0.tgz#8771aae0799b64076b76640fca058f9c10e33ecb"
  optionalDependencies:
    graceful-fs "^4.1.6"

keygrip@~1.0.2:
  version "1.0.3"
  resolved "http://registry.npm.qima-inc.com/keygrip/download/keygrip-1.0.3.tgz#399d709f0aed2bab0a059e0cdd3a5023a053e1dc"

kind-of@^3.0.2, kind-of@^3.0.3, kind-of@^3.2.0:
  version "3.2.2"
  resolved "http://registry.npm.qima-inc.com/kind-of/download/kind-of-3.2.2.tgz#31ea21a734bab9bbb0f32466d893aea51e4a3c64"
  dependencies:
    is-buffer "^1.1.5"

kind-of@^4.0.0:
  version "4.0.0"
  resolved "http://registry.npm.qima-inc.com/kind-of/download/kind-of-4.0.0.tgz#20813df3d712928b207378691a45066fae72dd57"
  dependencies:
    is-buffer "^1.1.5"

kind-of@^5.0.0:
  version "5.1.0"
  resolved "http://registry.npm.qima-inc.com/kind-of/download/kind-of-5.1.0.tgz#729c91e2d857b7a419a1f9aa65685c4c33f5845d"

kind-of@^6.0.0, kind-of@^6.0.2:
  version "6.0.2"
  resolved "http://registry.npm.qima-inc.com/kind-of/download/kind-of-6.0.2.tgz#01146b36a6218e64e58f3a8d66de5d7fc6f6d051"

koa-body@2.5.0:
  version "2.5.0"
  resolved "http://registry.npm.qima-inc.com/koa-body/download/koa-body-2.5.0.tgz#84e8fcd8d5229a8cc1cb98a926e939069e716915"
  dependencies:
    co-body "^5.1.1"
    formidable "^1.1.1"

koa-compose@4.0.0:
  version "4.0.0"
  resolved "http://registry.npm.qima-inc.com/koa-compose/download/koa-compose-4.0.0.tgz#2800a513d9c361ef0d63852b038e4f6f2d5a773c"

koa-compose@^3.0.0:
  version "3.2.1"
  resolved "http://registry.npm.qima-inc.com/koa-compose/download/koa-compose-3.2.1.tgz#a85ccb40b7d986d8e5a345b3a1ace8eabcf54de7"
  dependencies:
    any-promise "^1.1.0"

koa-compose@^4.0.0:
  version "4.1.0"
  resolved "http://registry.npm.qima-inc.com/koa-compose/download/koa-compose-4.1.0.tgz#507306b9371901db41121c812e923d0d67d3e877"

koa-convert@^1.2.0:
  version "1.2.0"
  resolved "http://registry.npm.qima-inc.com/koa-convert/download/koa-convert-1.2.0.tgz#da40875df49de0539098d1700b50820cebcd21d0"
  dependencies:
    co "^4.6.0"
    koa-compose "^3.0.0"

koa-is-json@^1.0.0:
  version "1.0.0"
  resolved "http://registry.npm.qima-inc.com/koa-is-json/download/koa-is-json-1.0.0.tgz#273c07edcdcb8df6a2c1ab7d59ee76491451ec14"

koa-router@7.4.0:
  version "7.4.0"
  resolved "http://registry.npm.qima-inc.com/koa-router/download/koa-router-7.4.0.tgz#aee1f7adc02d5cb31d7d67465c9eacc825e8c5e0"
  dependencies:
    debug "^3.1.0"
    http-errors "^1.3.1"
    koa-compose "^3.0.0"
    methods "^1.0.1"
    path-to-regexp "^1.1.1"
    urijs "^1.19.0"

koa-send@^4.1.0:
  version "4.1.3"
  resolved "http://registry.npm.qima-inc.com/koa-send/download/koa-send-4.1.3.tgz#0822207bbf5253a414c8f1765ebc29fa41353cb6"
  dependencies:
    debug "^2.6.3"
    http-errors "^1.6.1"
    mz "^2.6.0"
    resolve-path "^1.4.0"

koa-static@4.0.2:
  version "4.0.2"
  resolved "http://registry.npm.qima-inc.com/koa-static/download/koa-static-4.0.2.tgz#6cda92d88d771dcaad9f0d825cd94a631c861a1a"
  dependencies:
    debug "^2.6.8"
    koa-send "^4.1.0"

koa@2.5.0:
  version "2.5.0"
  resolved "http://registry.npm.qima-inc.com/koa/download/koa-2.5.0.tgz#b0fbe1e195e43b27588a04fd0be0ddaeca2c154c"
  dependencies:
    accepts "^1.2.2"
    content-disposition "~0.5.0"
    content-type "^1.0.0"
    cookies "~0.7.0"
    debug "*"
    delegates "^1.0.0"
    depd "^1.1.0"
    destroy "^1.0.3"
    error-inject "~1.0.0"
    escape-html "~1.0.1"
    fresh "^0.5.2"
    http-assert "^1.1.0"
    http-errors "^1.2.8"
    is-generator-function "^1.0.3"
    koa-compose "^4.0.0"
    koa-convert "^1.2.0"
    koa-is-json "^1.0.0"
    mime-types "^2.0.7"
    on-finished "^2.1.0"
    only "0.0.2"
    parseurl "^1.3.0"
    statuses "^1.2.0"
    type-is "^1.5.5"
    vary "^1.0.0"

lodash@4.17.5:
  version "4.17.5"
  resolved "http://registry.npm.qima-inc.com/lodash/download/lodash-4.17.5.tgz#99a92d65c0272debe8c96b6057bc8fbfa3bed511"

lodash@^4.17.10:
  version "4.17.11"
  resolved "http://registry.npm.qima-inc.com/lodash/download/lodash-4.17.11.tgz#b39ea6229ef607ecd89e2c8df12536891cac9b8d"

map-cache@^0.2.2:
  version "0.2.2"
  resolved "http://registry.npm.qima-inc.com/map-cache/download/map-cache-0.2.2.tgz#c32abd0bd6525d9b051645bb4f26ac5dc98a0dbf"

map-visit@^1.0.0:
  version "1.0.0"
  resolved "http://registry.npm.qima-inc.com/map-visit/download/map-visit-1.0.0.tgz#ecdca8f13144e660f1b5bd41f12f3479d98dfb8f"
  dependencies:
    object-visit "^1.0.0"

media-typer@0.3.0:
  version "0.3.0"
  resolved "http://registry.npm.qima-inc.com/media-typer/download/media-typer-0.3.0.tgz#8710d7af0aa626f8fffa1ce00168545263255748"

merge2@^1.2.1:
  version "1.2.2"
  resolved "http://registry.npm.qima-inc.com/merge2/download/merge2-1.2.2.tgz#03212e3da8d86c4d8523cebd6318193414f94e34"

methods@1.1.2, methods@^1.0.1:
  version "1.1.2"
  resolved "http://registry.npm.qima-inc.com/methods/download/methods-1.1.2.tgz#5529a4d67654134edcc5266656835b0f851afcee"

micromatch@^3.1.8:
  version "3.1.10"
  resolved "http://registry.npm.qima-inc.com/micromatch/download/micromatch-3.1.10.tgz#70859bc95c9840952f359a068a3fc49f9ecfac23"
  dependencies:
    arr-diff "^4.0.0"
    array-unique "^0.3.2"
    braces "^2.3.1"
    define-property "^2.0.2"
    extend-shallow "^3.0.2"
    extglob "^2.0.4"
    fragment-cache "^0.2.1"
    kind-of "^6.0.2"
    nanomatch "^1.2.9"
    object.pick "^1.3.0"
    regex-not "^1.0.0"
    snapdragon "^0.8.1"
    to-regex "^3.0.2"

mime-db@~1.36.0:
  version "1.36.0"
  resolved "http://registry.npm.qima-inc.com/mime-db/download/mime-db-1.36.0.tgz#5020478db3c7fe93aad7bbcc4dcf869c43363397"

mime-types@^2.0.7, mime-types@~2.1.18:
  version "2.1.20"
  resolved "http://registry.npm.qima-inc.com/mime-types/download/mime-types-2.1.20.tgz#930cb719d571e903738520f8470911548ca2cc19"
  dependencies:
    mime-db "~1.36.0"

mixin-deep@^1.2.0:
  version "1.3.1"
  resolved "http://registry.npm.qima-inc.com/mixin-deep/download/mixin-deep-1.3.1.tgz#a49e7268dce1a0d9698e45326c5626df3543d0fe"
  dependencies:
    for-in "^1.0.2"
    is-extendable "^1.0.1"

ms@2.0.0:
  version "2.0.0"
  resolved "http://registry.npm.qima-inc.com/ms/download/ms-2.0.0.tgz#5608aeadfc00be6c2901df5f9861788de0d597c8"

ms@^2.1.1:
  version "2.1.1"
  resolved "http://registry.npm.qima-inc.com/ms/download/ms-2.1.1.tgz#30a5864eb3ebb0a66f2ebe6d727af06a09d86e0a"

mz@^2.6.0:
  version "2.7.0"
  resolved "http://registry.npm.qima-inc.com/mz/download/mz-2.7.0.tgz#95008057a56cafadc2bc63dde7f9ff6955948e32"
  dependencies:
    any-promise "^1.0.0"
    object-assign "^4.0.1"
    thenify-all "^1.0.0"

nanomatch@^1.2.9:
  version "1.2.13"
  resolved "http://registry.npm.qima-inc.com/nanomatch/download/nanomatch-1.2.13.tgz#b87a8aa4fc0de8fe6be88895b38983ff265bd119"
  dependencies:
    arr-diff "^4.0.0"
    array-unique "^0.3.2"
    define-property "^2.0.2"
    extend-shallow "^3.0.2"
    fragment-cache "^0.2.1"
    is-windows "^1.0.2"
    kind-of "^6.0.2"
    object.pick "^1.3.0"
    regex-not "^1.0.0"
    snapdragon "^0.8.1"
    to-regex "^3.0.1"

negotiator@0.6.1:
  version "0.6.1"
  resolved "http://registry.npm.qima-inc.com/negotiator/download/negotiator-0.6.1.tgz#2b327184e8992101177b28563fb5e7102acd0ca9"

object-assign@^4.0.1:
  version "4.1.1"
  resolved "http://registry.npm.qima-inc.com/object-assign/download/object-assign-4.1.1.tgz#2109adc7965887cfc05cbbd442cac8bfbb360863"

object-copy@^0.1.0:
  version "0.1.0"
  resolved "http://registry.npm.qima-inc.com/object-copy/download/object-copy-0.1.0.tgz#7e7d858b781bd7c991a41ba975ed3812754e998c"
  dependencies:
    copy-descriptor "^0.1.0"
    define-property "^0.2.5"
    kind-of "^3.0.3"

object-visit@^1.0.0:
  version "1.0.1"
  resolved "http://registry.npm.qima-inc.com/object-visit/download/object-visit-1.0.1.tgz#f79c4493af0c5377b59fe39d395e41042dd045bb"
  dependencies:
    isobject "^3.0.0"

object.pick@^1.3.0:
  version "1.3.0"
  resolved "http://registry.npm.qima-inc.com/object.pick/download/object.pick-1.3.0.tgz#87a10ac4c1694bd2e1cbf53591a66141fb5dd747"
  dependencies:
    isobject "^3.0.1"

on-finished@^2.1.0:
  version "2.3.0"
  resolved "http://registry.npm.qima-inc.com/on-finished/download/on-finished-2.3.0.tgz#20f1336481b083cd75337992a16971aa2d906947"
  dependencies:
    ee-first "1.1.1"

only@0.0.2:
  version "0.0.2"
  resolved "http://registry.npm.qima-inc.com/only/download/only-0.0.2.tgz#2afde84d03e50b9a8edc444e30610a70295edfb4"

parseurl@^1.3.0:
  version "1.3.2"
  resolved "http://registry.npm.qima-inc.com/parseurl/download/parseurl-1.3.2.tgz#fc289d4ed8993119460c156253262cdc8de65bf3"

pascalcase@^0.1.1:
  version "0.1.1"
  resolved "http://registry.npm.qima-inc.com/pascalcase/download/pascalcase-0.1.1.tgz#b363e55e8006ca6fe21784d2db22bd15d7917f14"

path-dirname@^1.0.0:
  version "1.0.2"
  resolved "http://registry.npm.qima-inc.com/path-dirname/download/path-dirname-1.0.2.tgz#cc33d24d525e099a5388c0336c6e32b9160609e0"

path-is-absolute@1.0.1:
  version "1.0.1"
  resolved "http://registry.npm.qima-inc.com/path-is-absolute/download/path-is-absolute-1.0.1.tgz#174b9268735534ffbc7ace6bf53a5a9e1b5c5f5f"

path-matching@0.0.2:
  version "0.0.2"
  resolved "http://registry.npm.qima-inc.com/path-matching/download/path-matching-0.0.2.tgz#2d94c47b81b59e48cc41b3b0e3d588e4d342f3fc"
  dependencies:
    path-to-regexp "^2.2.0"

path-to-regexp@2.2.1:
  version "2.2.1"
  resolved "http://registry.npm.qima-inc.com/path-to-regexp/download/path-to-regexp-2.2.1.tgz#90b617025a16381a879bc82a38d4e8bdeb2bcf45"

path-to-regexp@^1.1.1:
  version "1.7.0"
  resolved "http://registry.npm.qima-inc.com/path-to-regexp/download/path-to-regexp-1.7.0.tgz#59fde0f435badacba103a84e9d3bc64e96b9937d"
  dependencies:
    isarray "0.0.1"

path-to-regexp@^2.2.0:
  version "2.4.0"
  resolved "http://registry.npm.qima-inc.com/path-to-regexp/download/path-to-regexp-2.4.0.tgz#35ce7f333d5616f1c1e1bfe266c3aba2e5b2e704"

posix-character-classes@^0.1.0:
  version "0.1.1"
  resolved "http://registry.npm.qima-inc.com/posix-character-classes/download/posix-character-classes-0.1.1.tgz#01eac0fe3b5af71a2a6c02feabb8c1fef7e00eab"

qs@^6.4.0:
  version "6.5.2"
  resolved "http://registry.npm.qima-inc.com/qs/download/qs-6.5.2.tgz#cb3ae806e8740444584ef154ce8ee98d403f3e36"

raw-body@^2.2.0:
  version "2.3.3"
  resolved "http://registry.npm.qima-inc.com/raw-body/download/raw-body-2.3.3.tgz#1b324ece6b5706e153855bc1148c65bb7f6ea0c3"
  dependencies:
    bytes "3.0.0"
    http-errors "1.6.3"
    iconv-lite "0.4.23"
    unpipe "1.0.0"

regex-not@^1.0.0, regex-not@^1.0.2:
  version "1.0.2"
  resolved "http://registry.npm.qima-inc.com/regex-not/download/regex-not-1.0.2.tgz#1f4ece27e00b0b65e0247a6810e6a85d83a5752c"
  dependencies:
    extend-shallow "^3.0.2"
    safe-regex "^1.1.0"

repeat-element@^1.1.2:
  version "1.1.3"
  resolved "http://registry.npm.qima-inc.com/repeat-element/download/repeat-element-1.1.3.tgz#782e0d825c0c5a3bb39731f84efee6b742e6b1ce"

repeat-string@^1.6.1:
  version "1.6.1"
  resolved "http://registry.npm.qima-inc.com/repeat-string/download/repeat-string-1.6.1.tgz#8dcae470e1c88abc2d600fff4a776286da75e637"

resolve-path@^1.4.0:
  version "1.4.0"
  resolved "http://registry.npm.qima-inc.com/resolve-path/download/resolve-path-1.4.0.tgz#c4bda9f5efb2fce65247873ab36bb4d834fe16f7"
  dependencies:
    http-errors "~1.6.2"
    path-is-absolute "1.0.1"

resolve-url@^0.2.1:
  version "0.2.1"
  resolved "http://registry.npm.qima-inc.com/resolve-url/download/resolve-url-0.2.1.tgz#2c637fe77c893afd2a663fe21aa9080068e2052a"

ret@~0.1.10:
  version "0.1.15"
  resolved "http://registry.npm.qima-inc.com/ret/download/ret-0.1.15.tgz#b8a4825d5bdb1fc3f6f53c2bc33f81388681c7bc"

safe-regex@^1.1.0:
  version "1.1.0"
  resolved "http://registry.npm.qima-inc.com/safe-regex/download/safe-regex-1.1.0.tgz#40a3669f3b077d1e943d44629e157dd48023bf2e"
  dependencies:
    ret "~0.1.10"

"safer-buffer@>= 2.1.2 < 3":
  version "2.1.2"
  resolved "http://registry.npm.qima-inc.com/safer-buffer/download/safer-buffer-2.1.2.tgz#44fa161b0187b9549dd84bb91802f9bd8385cd6a"

set-value@^0.4.3:
  version "0.4.3"
  resolved "http://registry.npm.qima-inc.com/set-value/download/set-value-0.4.3.tgz#7db08f9d3d22dc7f78e53af3c3bf4666ecdfccf1"
  dependencies:
    extend-shallow "^2.0.1"
    is-extendable "^0.1.1"
    is-plain-object "^2.0.1"
    to-object-path "^0.3.0"

set-value@^2.0.0:
  version "2.0.0"
  resolved "http://registry.npm.qima-inc.com/set-value/download/set-value-2.0.0.tgz#71ae4a88f0feefbbf52d1ea604f3fb315ebb6274"
  dependencies:
    extend-shallow "^2.0.1"
    is-extendable "^0.1.1"
    is-plain-object "^2.0.3"
    split-string "^3.0.1"

setprototypeof@1.1.0:
  version "1.1.0"
  resolved "http://registry.npm.qima-inc.com/setprototypeof/download/setprototypeof-1.1.0.tgz#d0bd85536887b6fe7c0d818cb962d9d91c54e656"

snapdragon-node@^2.0.1:
  version "2.1.1"
  resolved "http://registry.npm.qima-inc.com/snapdragon-node/download/snapdragon-node-2.1.1.tgz#6c175f86ff14bdb0724563e8f3c1b021a286853b"
  dependencies:
    define-property "^1.0.0"
    isobject "^3.0.0"
    snapdragon-util "^3.0.1"

snapdragon-util@^3.0.1:
  version "3.0.1"
  resolved "http://registry.npm.qima-inc.com/snapdragon-util/download/snapdragon-util-3.0.1.tgz#f956479486f2acd79700693f6f7b805e45ab56e2"
  dependencies:
    kind-of "^3.2.0"

snapdragon@^0.8.1:
  version "0.8.2"
  resolved "http://registry.npm.qima-inc.com/snapdragon/download/snapdragon-0.8.2.tgz#64922e7c565b0e14204ba1aa7d6964278d25182d"
  dependencies:
    base "^0.11.1"
    debug "^2.2.0"
    define-property "^0.2.5"
    extend-shallow "^2.0.1"
    map-cache "^0.2.2"
    source-map "^0.5.6"
    source-map-resolve "^0.5.0"
    use "^3.1.0"

source-map-resolve@^0.5.0:
  version "0.5.2"
  resolved "http://registry.npm.qima-inc.com/source-map-resolve/download/source-map-resolve-0.5.2.tgz#72e2cc34095543e43b2c62b2c4c10d4a9054f259"
  dependencies:
    atob "^2.1.1"
    decode-uri-component "^0.2.0"
    resolve-url "^0.2.1"
    source-map-url "^0.4.0"
    urix "^0.1.0"

source-map-url@^0.4.0:
  version "0.4.0"
  resolved "http://registry.npm.qima-inc.com/source-map-url/download/source-map-url-0.4.0.tgz#3e935d7ddd73631b97659956d55128e87b5084a3"

source-map@^0.5.6:
  version "0.5.7"
  resolved "http://registry.npm.qima-inc.com/source-map/download/source-map-0.5.7.tgz#8a039d2d1021d22d1ea14c80d8ea468ba2ef3fcc"

split-string@^3.0.1, split-string@^3.0.2:
  version "3.1.0"
  resolved "http://registry.npm.qima-inc.com/split-string/download/split-string-3.1.0.tgz#7cb09dda3a86585705c64b39a6466038682e8fe2"
  dependencies:
    extend-shallow "^3.0.0"

static-extend@^0.1.1:
  version "0.1.2"
  resolved "http://registry.npm.qima-inc.com/static-extend/download/static-extend-0.1.2.tgz#60809c39cbff55337226fd5e0b520f341f1fb5c6"
  dependencies:
    define-property "^0.2.5"
    object-copy "^0.1.0"

"statuses@>= 1.4.0 < 2", "statuses@>= 1.5.0 < 2", statuses@^1.2.0:
  version "1.5.0"
  resolved "http://registry.npm.qima-inc.com/statuses/download/statuses-1.5.0.tgz#161c7dac177659fd9811f43771fa99381478628c"

supports-color@^5.3.0:
  version "5.5.0"
  resolved "http://registry.npm.qima-inc.com/supports-color/download/supports-color-5.5.0.tgz#e2e69a44ac8772f78a1ec0b35b689df6530efc8f"
  dependencies:
    has-flag "^3.0.0"

thenify-all@^1.0.0:
  version "1.6.0"
  resolved "http://registry.npm.qima-inc.com/thenify-all/download/thenify-all-1.6.0.tgz#1a1918d402d8fc3f98fbf234db0bcc8cc10e9726"
  dependencies:
    thenify ">= 3.1.0 < 4"

"thenify@>= 3.1.0 < 4":
  version "3.3.0"
  resolved "http://registry.npm.qima-inc.com/thenify/download/thenify-3.3.0.tgz#e69e38a1babe969b0108207978b9f62b88604839"
  dependencies:
    any-promise "^1.0.0"

to-object-path@^0.3.0:
  version "0.3.0"
  resolved "http://registry.npm.qima-inc.com/to-object-path/download/to-object-path-0.3.0.tgz#297588b7b0e7e0ac08e04e672f85c1f4999e17af"
  dependencies:
    kind-of "^3.0.2"

to-regex-range@^2.1.0:
  version "2.1.1"
  resolved "http://registry.npm.qima-inc.com/to-regex-range/download/to-regex-range-2.1.1.tgz#7c80c17b9dfebe599e27367e0d4dd5590141db38"
  dependencies:
    is-number "^3.0.0"
    repeat-string "^1.6.1"

to-regex@^3.0.1, to-regex@^3.0.2:
  version "3.0.2"
  resolved "http://registry.npm.qima-inc.com/to-regex/download/to-regex-3.0.2.tgz#13cfdd9b336552f30b51f33a8ae1b42a7a7599ce"
  dependencies:
    define-property "^2.0.2"
    extend-shallow "^3.0.2"
    regex-not "^1.0.2"
    safe-regex "^1.1.0"

toidentifier@1.0.0:
  version "1.0.0"
  resolved "http://registry.npm.qima-inc.com/toidentifier/download/toidentifier-1.0.0.tgz#7e1be3470f1e77948bc43d94a3c8f4d7752ba553"

tslib@^1.9.3:
  version "1.9.3"
  resolved "http://registry.npm.qima-inc.com/tslib/download/tslib-1.9.3.tgz#d7e4dd79245d85428c4d7e4822a79917954ca286"

type-is@^1.5.5, type-is@^1.6.14:
  version "1.6.16"
  resolved "http://registry.npm.qima-inc.com/type-is/download/type-is-1.6.16.tgz#f89ce341541c672b25ee7ae3c73dee3b2be50194"
  dependencies:
    media-typer "0.3.0"
    mime-types "~2.1.18"

typescript@^2.9.2:
  version "2.9.2"
  resolved "http://registry.npm.qima-inc.com/typescript/download/typescript-2.9.2.tgz#1cbf61d05d6b96269244eb6a3bce4bd914e0f00c"

union-value@^1.0.0:
  version "1.0.0"
  resolved "http://registry.npm.qima-inc.com/union-value/download/union-value-1.0.0.tgz#5c71c34cb5bad5dcebe3ea0cd08207ba5aa1aea4"
  dependencies:
    arr-union "^3.1.0"
    get-value "^2.0.6"
    is-extendable "^0.1.1"
    set-value "^0.4.3"

universalify@^0.1.0:
  version "0.1.2"
  resolved "http://registry.npm.qima-inc.com/universalify/download/universalify-0.1.2.tgz#b646f69be3942dabcecc9d6639c80dc105efaa66"

unpipe@1.0.0:
  version "1.0.0"
  resolved "http://registry.npm.qima-inc.com/unpipe/download/unpipe-1.0.0.tgz#b2bf4ee8514aae6165b4817829d21b2ef49904ec"

unset-value@^1.0.0:
  version "1.0.0"
  resolved "http://registry.npm.qima-inc.com/unset-value/download/unset-value-1.0.0.tgz#8376873f7d2335179ffb1e6fc3a8ed0dfc8ab559"
  dependencies:
    has-value "^0.3.1"
    isobject "^3.0.0"

urijs@^1.19.0:
  version "1.19.1"
  resolved "http://registry.npm.qima-inc.com/urijs/download/urijs-1.19.1.tgz#5b0ff530c0cbde8386f6342235ba5ca6e995d25a"

urix@^0.1.0:
  version "0.1.0"
  resolved "http://registry.npm.qima-inc.com/urix/download/urix-0.1.0.tgz#da937f7a62e21fec1fd18d49b35c2935067a6c72"

use@^3.1.0:
  version "3.1.1"
  resolved "http://registry.npm.qima-inc.com/use/download/use-3.1.1.tgz#d50c8cac79a19fbc20f2911f56eb973f4e10070f"

vary@^1.0.0:
  version "1.1.2"
  resolved "http://registry.npm.qima-inc.com/vary/download/vary-1.1.2.tgz#2299f02c6ded30d4a5961b0b9f74524a18f634fc"

xss@0.3.7:
  version "0.3.7"
  resolved "http://registry.npm.qima-inc.com/xss/download/xss-0.3.7.tgz#1df6dc85c0240b455b5e5f0428bdeccd739ab4ee"
  dependencies:
    commander "^2.9.0"
    cssfilter "0.0.10"
